
Microsoft Visual Studio Solution File, Format Version 12.00
# Visual Studio Version 17
VisualStudioVersion = 17.8.34330.188
MinimumVisualStudioVersion = 10.0.40219.1
Project("{FAE04EC0-301F-11D3-BF4B-00C04F79EFBC}") = "azure-app-vad-vs", "azure-app-vad-vs.csproj", "{EEF4AA76-65C9-4C98-AC31-C65543A2C395}"
EndProject
Global
	GlobalSection(SolutionConfigurationPlatforms) = preSolution
		Debug|Any CPU = Debug|Any CPU
		Release|Any CPU = Release|Any CPU
	EndGlobalSection
	GlobalSection(ProjectConfigurationPlatforms) = postSolution
		{EEF4AA76-65C9-4C98-AC31-C65543A2C395}.Debug|Any CPU.ActiveCfg = Debug|Any CPU
		{EEF4AA76-65C9-4C98-AC31-C65543A2C395}.Debug|Any CPU.Build.0 = Debug|Any CPU
		{EEF4AA76-65C9-4C98-AC31-C65543A2C395}.Release|Any CPU.ActiveCfg = Release|Any CPU
		{EEF4AA76-65C9-4C98-AC31-C65543A2C395}.Release|Any CPU.Build.0 = Release|Any CPU
	EndGlobalSection
	GlobalSection(SolutionProperties) = preSolution
		HideSolutionNode = FALSE
	EndGlobalSection
	GlobalSection(ExtensibilityGlobals) = postSolution
		SolutionGuid = {22E97913-3A8F-4DD2-BD3A-5AC1F8099E73}
	EndGlobalSection
EndGlobal
